
Microsoft Visual Studio Solution File, Format Version 12.00
# Visual Studio Version 17
VisualStudioVersion = 17.13.35919.96 d17.13
MinimumVisualStudioVersion = 10.0.40219.1
Project("{FAE04EC0-301F-11D3-BF4B-00C04F79EFBC}") = "GestorFacturas.API", "API\GestorFacturas.API.csproj", "{2733685F-FE1A-493A-9344-5848E3B36898}"
EndProject
Project("{FAE04EC0-301F-11D3-BF4B-00C04F79EFBC}") = "GestorFacturas.Domain", "Domain\GestorFacturas.Domain.csproj", "{94DF0446-A598-4332-ACFA-914FBAC36854}"
EndProject
Project("{FAE04EC0-301F-11D3-BF4B-00C04F79EFBC}") = "GestorFacturas.Infrastructure", "Infrastructure\GestorFacturas.Infrastructure.csproj", "{9CE4ED31-EF2E-451C-9F89-E51E7C821507}"
EndProject
Global
	GlobalSection(SolutionConfigurationPlatforms) = preSolution
		Debug|Any CPU = Debug|Any CPU
		Release|Any CPU = Release|Any CPU
	EndGlobalSection
	GlobalSection(ProjectConfigurationPlatforms) = postSolution
		{2733685F-FE1A-493A-9344-5848E3B36898}.Debug|Any CPU.ActiveCfg = Debug|Any CPU
		{2733685F-FE1A-493A-9344-5848E3B36898}.Debug|Any CPU.Build.0 = Debug|Any CPU
		{2733685F-FE1A-493A-9344-5848E3B36898}.Release|Any CPU.ActiveCfg = Release|Any CPU
		{2733685F-FE1A-493A-9344-5848E3B36898}.Release|Any CPU.Build.0 = Release|Any CPU
		{94DF0446-A598-4332-ACFA-914FBAC36854}.Debug|Any CPU.ActiveCfg = Debug|Any CPU
		{94DF0446-A598-4332-ACFA-914FBAC36854}.Debug|Any CPU.Build.0 = Debug|Any CPU
		{94DF0446-A598-4332-ACFA-914FBAC36854}.Release|Any CPU.ActiveCfg = Release|Any CPU
		{94DF0446-A598-4332-ACFA-914FBAC36854}.Release|Any CPU.Build.0 = Release|Any CPU
		{9CE4ED31-EF2E-451C-9F89-E51E7C821507}.Debug|Any CPU.ActiveCfg = Debug|Any CPU
		{9CE4ED31-EF2E-451C-9F89-E51E7C821507}.Debug|Any CPU.Build.0 = Debug|Any CPU
		{9CE4ED31-EF2E-451C-9F89-E51E7C821507}.Release|Any CPU.ActiveCfg = Release|Any CPU
		{9CE4ED31-EF2E-451C-9F89-E51E7C821507}.Release|Any CPU.Build.0 = Release|Any CPU
	EndGlobalSection
	GlobalSection(SolutionProperties) = preSolution
		HideSolutionNode = FALSE
	EndGlobalSection
	GlobalSection(ExtensibilityGlobals) = postSolution
		SolutionGuid = {9E7BB824-08EC-4C73-BA8B-4247B24CED13}
	EndGlobalSection
EndGlobal
